{
  "version": 4,
  "terraform_version": "1.2.4",
  "serial": 376,
  "lineage": "c9412d7b-7561-46da-cc20-0bd48e64e445",
  "outputs": {
    "endpoint": {
      "value": "https://5A12930C8A7AA9014258C49DC0B3DCA2.gr7.ap-southeast-1.eks.amazonaws.com",
      "type": "string"
    }
  },
  "resources": [
    {
      "mode": "managed",
      "type": "aws_eks_cluster",
      "name": "cluster",
      "provider": "provider[\"registry.terraform.io/hashicorp/aws\"]",
      "instances": [
        {
          "schema_version": 0,
          "attributes": {
            "arn": "arn:aws:eks:ap-southeast-1:972111001561:cluster/hiitfigure",
            "certificate_authority": [
              {
                "data": "LS0tLS1CRUdJTiBDRVJUSUZJQ0FURS0tLS0tCk1JSUMvakNDQWVhZ0F3SUJBZ0lCQURBTkJna3Foa2lHOXcwQkFRc0ZBREFWTVJNd0VRWURWUVFERXdwcmRXSmwKY201bGRHVnpNQjRYRFRJeU1EZ3dOekF6TVRNME5sb1hEVE15TURnd05EQXpNVE0wTmxvd0ZURVRNQkVHQTFVRQpBeE1LYTNWaVpYSnVaWFJsY3pDQ0FTSXdEUVlKS29aSWh2Y05BUUVCQlFBRGdnRVBBRENDQVFvQ2dnRUJBTU9TCkVMdXVDdjhyZytXb2lCS21GWkVXODg0S0lnMm9QdGZUeWNnQ2pma2ZaTGE5Nnh5aGVYOWlhTUxqOHJLTHRJSHAKV0hybjZIZlV5VEdiSEl0SzhFUWFPN0lDNGtBSm14TlpvVnRNLzdWdUNuSDdBckwvZ1BYUXdhYlcvMFBTeXRNOQoxRjBEZnNESmtuak85SHZPcFp1NGpXU1g5c1NNRDRNSWttRElncTQ0RE5ObUVnUnN2UWIwaEVxTlFiakpBUGE3Cit0VlJMdjFEUmsxcy9jdjJkZ1dEUlZxRnRaVnRKNC9jQ3pLcEtCc0ZxRUc3bjc3ZU5YL0FPakxkbHpBRzFmZXoKNGd5dXdWbWJHcTdXKzhKcTd5VkRJeDk2MUMrd0NSTnF2ZEFINys3azBHdjVpYjFZTXE4d2pJMHY1MjZoTUx5egppTGdYc25SeFI5K3laK2kzcThFQ0F3RUFBYU5aTUZjd0RnWURWUjBQQVFIL0JBUURBZ0trTUE4R0ExVWRFd0VCCi93UUZNQU1CQWY4d0hRWURWUjBPQkJZRUZKOFA4aFlrcG8xRE9BS0ZKWHhlTFo2RTI0NEJNQlVHQTFVZEVRUU8KTUF5Q0NtdDFZbVZ5Ym1WMFpYTXdEUVlKS29aSWh2Y05BUUVMQlFBRGdnRUJBQnAvZnVaU3JFeURQd1l1MWs1SAprcUdsV1d0bmRIaTkyTXVFSnV3RThLZlVUV2E0bVNXUDJJSXNvQjJxQ2NZOUdjVmhzdXdjMVljK3A4OFdIVFB0CkRxTVUxQVZFRzlwU0h2aEFTenQzYlJBNnd6WWJUU2dnZktzenk2Y3lmYnNROXVJRGtRZm0rK0swUU1QV2xSQXIKT1JXMkhQYU1yZHIyQWNTMi9zM1VjS1ZNQ1JzVHNqMURWbG9JMDRPY1BNTjB4VCt5V01iRU5rd2dYayttQldiUQpibFB0VVozVzVYcVJidWNXQTdncWFLSGgzUUxEVTBIK0MvbFlXbWl4QzBNZDdFRThhdTdhR0ZZc0ZFOGIvcDI1Cm9yN2hCazlqKzhMQWE3Zm1hRWlNQk43VTVBZmRSOXkxWmI4dGVLbFp0ZmdBOEFpWk9CT0lBSkdFdmZySStWT2oKb1c0PQotLS0tLUVORCBDRVJUSUZJQ0FURS0tLS0tCg=="
              }
            ],
            "created_at": "2022-08-07 03:07:56.859 +0000 UTC",
            "enabled_cluster_log_types": null,
            "encryption_config": [],
            "endpoint": "https://5A12930C8A7AA9014258C49DC0B3DCA2.gr7.ap-southeast-1.eks.amazonaws.com",
            "id": "hiitfigure",
            "identity": [
              {
                "oidc": [
                  {
                    "issuer": "https://oidc.eks.ap-southeast-1.amazonaws.com/id/5A12930C8A7AA9014258C49DC0B3DCA2"
                  }
                ]
              }
            ],
            "kubernetes_network_config": [
              {
                "ip_family": "ipv4",
                "service_ipv4_cidr": "172.20.0.0/16"
              }
            ],
            "name": "hiitfigure",
            "platform_version": "eks.5",
            "role_arn": "arn:aws:iam::972111001561:role/eks-cluster-iam-role",
            "status": "ACTIVE",
            "tags": null,
            "tags_all": {},
            "timeouts": null,
            "version": "1.22",
            "vpc_config": [
              {
                "cluster_security_group_id": "sg-0fb21838184477e2d",
                "endpoint_private_access": false,
                "endpoint_public_access": true,
                "public_access_cidrs": [
                  "0.0.0.0/0"
                ],
                "security_group_ids": null,
                "subnet_ids": [
                  "subnet-01ad2262c8354909e",
                  "subnet-05adc236a7c829743",
                  "subnet-08948a824338f5008"
                ],
                "vpc_id": "vpc-0d9c08c17b1ed5397"
              }
            ]
          },
          "sensitive_attributes": [],
          "private": "eyJlMmJmYjczMC1lY2FhLTExZTYtOGY4OC0zNDM2M2JjN2M0YzAiOnsiY3JlYXRlIjoxODAwMDAwMDAwMDAwLCJkZWxldGUiOjkwMDAwMDAwMDAwMCwidXBkYXRlIjozNjAwMDAwMDAwMDAwfX0=",
          "dependencies": [
            "aws_iam_role.iam_role",
            "aws_iam_role_policy_attachment.iam-role-AmazonEKSClusterPolicy",
            "aws_iam_role_policy_attachment.iam-role-AmazonEKSVPCResourceController",
            "module.vpc.aws_subnet.public_subnet",
            "module.vpc.aws_vpc.eks_vpc",
            "module.vpc.data.aws_availability_zones.az"
          ]
        }
      ]
    },
    {
      "mode": "managed",
      "type": "aws_eks_node_group",
      "name": "node_group",
      "provider": "provider[\"registry.terraform.io/hashicorp/aws\"]",
      "instances": [
        {
          "schema_version": 0,
          "attributes": {
            "ami_type": "AL2_x86_64",
            "arn": "arn:aws:eks:ap-southeast-1:972111001561:nodegroup/hiitfigure/node-group/96c13b27-9ca2-e2be-0d5d-332f581a26b6",
            "capacity_type": "ON_DEMAND",
            "cluster_name": "hiitfigure",
            "disk_size": 20,
            "force_update_version": null,
            "id": "hiitfigure:node-group",
            "instance_types": [
              "t2.micro"
            ],
            "labels": null,
            "launch_template": [],
            "node_group_name": "node-group",
            "node_group_name_prefix": "",
            "node_role_arn": "arn:aws:iam::972111001561:role/eks-node-group",
            "release_version": "1.22.9-20220725",
            "remote_access": [
              {
                "ec2_ssh_key": "node_group_keypair",
                "source_security_group_ids": null
              }
            ],
            "resources": [
              {
                "autoscaling_groups": [
                  {
                    "name": "eks-node-group-96c13b27-9ca2-e2be-0d5d-332f581a26b6"
                  }
                ],
                "remote_access_security_group_id": "sg-033792e98594495fd"
              }
            ],
            "scaling_config": [
              {
                "desired_size": 3,
                "max_size": 3,
                "min_size": 1
              }
            ],
            "status": "ACTIVE",
            "subnet_ids": [
              "subnet-01ad2262c8354909e",
              "subnet-05adc236a7c829743",
              "subnet-08948a824338f5008"
            ],
            "tags": null,
            "tags_all": {},
            "taint": [],
            "timeouts": null,
            "update_config": [
              {
                "max_unavailable": 2,
                "max_unavailable_percentage": 0
              }
            ],
            "version": "1.22"
          },
          "sensitive_attributes": [],
          "private": "eyJlMmJmYjczMC1lY2FhLTExZTYtOGY4OC0zNDM2M2JjN2M0YzAiOnsiY3JlYXRlIjozNjAwMDAwMDAwMDAwLCJkZWxldGUiOjM2MDAwMDAwMDAwMDAsInVwZGF0ZSI6MzYwMDAwMDAwMDAwMH19",
          "dependencies": [
            "aws_eks_cluster.cluster",
            "aws_iam_role.iam_role",
            "aws_iam_role.iam_role_node_group",
            "aws_iam_role_policy_attachment.iam-role-AmazonEKSClusterPolicy",
            "aws_iam_role_policy_attachment.iam-role-AmazonEKSVPCResourceController",
            "aws_iam_role_policy_attachment.iam_role_node_group-AmazonEC2ContainerRegistryReadOnly",
            "aws_iam_role_policy_attachment.iam_role_node_group-AmazonEKSWorkerNodePolicy",
            "aws_iam_role_policy_attachment.iam_role_node_group-AmazonEKS_CNI_Policy",
            "aws_key_pair.node_group_keypair",
            "module.vpc.aws_subnet.public_subnet",
            "module.vpc.aws_vpc.eks_vpc",
            "module.vpc.data.aws_availability_zones.az"
          ]
        }
      ]
    },
    {
      "mode": "managed",
      "type": "aws_iam_role",
      "name": "iam_role",
      "provider": "provider[\"registry.terraform.io/hashicorp/aws\"]",
      "instances": [
        {
          "schema_version": 0,
          "attributes": {
            "arn": "arn:aws:iam::972111001561:role/eks-cluster-iam-role",
            "assume_role_policy": "{\"Statement\":[{\"Action\":\"sts:AssumeRole\",\"Effect\":\"Allow\",\"Principal\":{\"Service\":\"eks.amazonaws.com\"}}],\"Version\":\"2012-10-17\"}",
            "create_date": "2022-08-07T03:07:42Z",
            "description": "",
            "force_detach_policies": false,
            "id": "eks-cluster-iam-role",
            "inline_policy": [],
            "managed_policy_arns": [],
            "max_session_duration": 3600,
            "name": "eks-cluster-iam-role",
            "name_prefix": "",
            "path": "/",
            "permissions_boundary": null,
            "tags": null,
            "tags_all": {},
            "unique_id": "AROA6EVSUW7MQRMZ23DUA"
          },
          "sensitive_attributes": [],
          "private": "bnVsbA=="
        }
      ]
    },
    {
      "mode": "managed",
      "type": "aws_iam_role",
      "name": "iam_role_node_group",
      "provider": "provider[\"registry.terraform.io/hashicorp/aws\"]",
      "instances": [
        {
          "schema_version": 0,
          "attributes": {
            "arn": "arn:aws:iam::972111001561:role/eks-node-group",
            "assume_role_policy": "{\"Statement\":[{\"Action\":\"sts:AssumeRole\",\"Effect\":\"Allow\",\"Principal\":{\"Service\":\"ec2.amazonaws.com\"}}],\"Version\":\"2012-10-17\"}",
            "create_date": "2022-08-07T03:07:42Z",
            "description": "",
            "force_detach_policies": false,
            "id": "eks-node-group",
            "inline_policy": [],
            "managed_policy_arns": [],
            "max_session_duration": 3600,
            "name": "eks-node-group",
            "name_prefix": "",
            "path": "/",
            "permissions_boundary": null,
            "tags": null,
            "tags_all": {},
            "unique_id": "AROA6EVSUW7MQRMYKMUER"
          },
          "sensitive_attributes": [],
          "private": "bnVsbA=="
        }
      ]
    },
    {
      "mode": "managed",
      "type": "aws_iam_role_policy_attachment",
      "name": "iam-role-AmazonEKSClusterPolicy",
      "provider": "provider[\"registry.terraform.io/hashicorp/aws\"]",
      "instances": [
        {
          "schema_version": 0,
          "attributes": {
            "id": "eks-cluster-iam-role-20220807030744332000000001",
            "policy_arn": "arn:aws:iam::aws:policy/AmazonEKSClusterPolicy",
            "role": "eks-cluster-iam-role"
          },
          "sensitive_attributes": [],
          "private": "bnVsbA==",
          "dependencies": [
            "aws_iam_role.iam_role"
          ]
        }
      ]
    },
    {
      "mode": "managed",
      "type": "aws_iam_role_policy_attachment",
      "name": "iam-role-AmazonEKSVPCResourceController",
      "provider": "provider[\"registry.terraform.io/hashicorp/aws\"]",
      "instances": [
        {
          "schema_version": 0,
          "attributes": {
            "id": "eks-cluster-iam-role-20220807030744336200000002",
            "policy_arn": "arn:aws:iam::aws:policy/AmazonEKSVPCResourceController",
            "role": "eks-cluster-iam-role"
          },
          "sensitive_attributes": [],
          "private": "bnVsbA==",
          "dependencies": [
            "aws_iam_role.iam_role"
          ]
        }
      ]
    },
    {
      "mode": "managed",
      "type": "aws_iam_role_policy_attachment",
      "name": "iam_role_node_group-AmazonEC2ContainerRegistryReadOnly",
      "provider": "provider[\"registry.terraform.io/hashicorp/aws\"]",
      "instances": [
        {
          "schema_version": 0,
          "attributes": {
            "id": "eks-node-group-20220807030744975000000005",
            "policy_arn": "arn:aws:iam::aws:policy/AmazonEC2ContainerRegistryReadOnly",
            "role": "eks-node-group"
          },
          "sensitive_attributes": [],
          "private": "bnVsbA==",
          "dependencies": [
            "aws_iam_role.iam_role_node_group"
          ]
        }
      ]
    },
    {
      "mode": "managed",
      "type": "aws_iam_role_policy_attachment",
      "name": "iam_role_node_group-AmazonEKSWorkerNodePolicy",
      "provider": "provider[\"registry.terraform.io/hashicorp/aws\"]",
      "instances": [
        {
          "schema_version": 0,
          "attributes": {
            "id": "eks-node-group-20220807030744657800000003",
            "policy_arn": "arn:aws:iam::aws:policy/AmazonEKSWorkerNodePolicy",
            "role": "eks-node-group"
          },
          "sensitive_attributes": [],
          "private": "bnVsbA==",
          "dependencies": [
            "aws_iam_role.iam_role_node_group"
          ]
        }
      ]
    },
    {
      "mode": "managed",
      "type": "aws_iam_role_policy_attachment",
      "name": "iam_role_node_group-AmazonEKS_CNI_Policy",
      "provider": "provider[\"registry.terraform.io/hashicorp/aws\"]",
      "instances": [
        {
          "schema_version": 0,
          "attributes": {
            "id": "eks-node-group-20220807030744670700000004",
            "policy_arn": "arn:aws:iam::aws:policy/AmazonEKS_CNI_Policy",
            "role": "eks-node-group"
          },
          "sensitive_attributes": [],
          "private": "bnVsbA==",
          "dependencies": [
            "aws_iam_role.iam_role_node_group"
          ]
        }
      ]
    },
    {
      "mode": "managed",
      "type": "aws_key_pair",
      "name": "node_group_keypair",
      "provider": "provider[\"registry.terraform.io/hashicorp/aws\"]",
      "instances": [
        {
          "schema_version": 1,
          "attributes": {
            "arn": "arn:aws:ec2:ap-southeast-1:972111001561:key-pair/node_group_keypair",
            "fingerprint": "9f:ae:e2:c1:0a:86:12:9f:38:f9:b3:7a:59:8c:b2:da",
            "id": "node_group_keypair",
            "key_name": "node_group_keypair",
            "key_name_prefix": "",
            "key_pair_id": "key-0cd6d04dc6745d6e4",
            "key_type": "rsa",
            "public_key": "ssh-rsa AAAAB3NzaC1yc2EAAAADAQABAAABgQDLEpCOXHWiYm7xzRRJCwaLnNQCKRrWpj/lRikCxNlROFWNte0d8yAq1TwDvJycGM9G6Cgox8hkJ3tYHWAVXdXJ1ZXcPLt27CP0L4Sdjs2KUyBZ5v+BhIx+QF6+8Vy8LSprBqA5UXNjT0hm8/aDGAGsydefX+ev8n5SGeXfXn50X2LEmWtsPTGoeovvZ6Kx76JusMK7Gghvt2O5YdvIH4ojbQ8he9yxf5FCAjg3uM+kqEHE/bu6hr+IfOzR5tCosh5TnRB029CK6xXAejxU+HTkSxuW4UFcFRXwpplQROj5+1DnnCRADQVtqCVS2LGvqE4F+A3SY3S94DKMbmqZg7mnftzrmMrtQD4LKqWbBf6bUjOVjLZw/h1z0h1Z8Ri2tjfa/4V9vGt2hM8aXiFTjLEB0blrbNF7JE/fq4VixpYkvlpcEmSJNrCe2F2xhRpAoyz0Dpb0ACvzeaYlNFUUb9UFDlD1CqkgUb78mj71TjDEMwJEXegePr4FWnsq0TyL8Zs= ASUS@DESKTOP-1FD6RQI",
            "tags": null,
            "tags_all": {}
          },
          "sensitive_attributes": [],
          "private": "eyJzY2hlbWFfdmVyc2lvbiI6IjEifQ=="
        }
      ]
    },
    {
      "module": "module.vpc",
      "mode": "data",
      "type": "aws_availability_zones",
      "name": "az",
      "provider": "module.vpc.provider[\"registry.terraform.io/hashicorp/aws\"]",
      "instances": [
        {
          "schema_version": 0,
          "attributes": {
            "all_availability_zones": null,
            "exclude_names": null,
            "exclude_zone_ids": null,
            "filter": null,
            "group_names": [
              "ap-southeast-1"
            ],
            "id": "ap-southeast-1",
            "names": [
              "ap-southeast-1a",
              "ap-southeast-1b",
              "ap-southeast-1c"
            ],
            "state": "available",
            "zone_ids": [
              "apse1-az1",
              "apse1-az2",
              "apse1-az3"
            ]
          },
          "sensitive_attributes": []
        }
      ]
    },
    {
      "module": "module.vpc",
      "mode": "managed",
      "type": "aws_internet_gateway",
      "name": "igw",
      "provider": "module.vpc.provider[\"registry.terraform.io/hashicorp/aws\"]",
      "instances": [
        {
          "schema_version": 0,
          "attributes": {
            "arn": "arn:aws:ec2:ap-southeast-1:972111001561:internet-gateway/igw-07f50860cfab67cf5",
            "id": "igw-07f50860cfab67cf5",
            "owner_id": "972111001561",
            "tags": {
              "Name": "Internet gateway"
            },
            "tags_all": {
              "Name": "Internet gateway"
            },
            "vpc_id": "vpc-0d9c08c17b1ed5397"
          },
          "sensitive_attributes": [],
          "private": "bnVsbA==",
          "dependencies": [
            "module.vpc.aws_vpc.eks_vpc"
          ]
        }
      ]
    },
    {
      "module": "module.vpc",
      "mode": "managed",
      "type": "aws_route",
      "name": "route_public_subnet",
      "provider": "module.vpc.provider[\"registry.terraform.io/hashicorp/aws\"]",
      "instances": [
        {
          "schema_version": 0,
          "attributes": {
            "carrier_gateway_id": "",
            "core_network_arn": "",
            "destination_cidr_block": "0.0.0.0/0",
            "destination_ipv6_cidr_block": "",
            "destination_prefix_list_id": "",
            "egress_only_gateway_id": "",
            "gateway_id": "igw-07f50860cfab67cf5",
            "id": "r-rtb-0ce19334dd526bc591080289494",
            "instance_id": "",
            "instance_owner_id": "",
            "local_gateway_id": "",
            "nat_gateway_id": "",
            "network_interface_id": "",
            "origin": "CreateRoute",
            "route_table_id": "rtb-0ce19334dd526bc59",
            "state": "active",
            "timeouts": null,
            "transit_gateway_id": "",
            "vpc_endpoint_id": "",
            "vpc_peering_connection_id": ""
          },
          "sensitive_attributes": [],
          "private": "eyJlMmJmYjczMC1lY2FhLTExZTYtOGY4OC0zNDM2M2JjN2M0YzAiOnsiY3JlYXRlIjozMDAwMDAwMDAwMDAsImRlbGV0ZSI6MzAwMDAwMDAwMDAwLCJ1cGRhdGUiOjEyMDAwMDAwMDAwMH19",
          "dependencies": [
            "module.vpc.aws_internet_gateway.igw",
            "module.vpc.aws_route_table.route_table_public_subnet",
            "module.vpc.aws_vpc.eks_vpc"
          ]
        }
      ]
    },
    {
      "module": "module.vpc",
      "mode": "managed",
      "type": "aws_route_table",
      "name": "route_table_public_subnet",
      "provider": "module.vpc.provider[\"registry.terraform.io/hashicorp/aws\"]",
      "instances": [
        {
          "schema_version": 0,
          "attributes": {
            "arn": "arn:aws:ec2:ap-southeast-1:972111001561:route-table/rtb-0ce19334dd526bc59",
            "id": "rtb-0ce19334dd526bc59",
            "owner_id": "972111001561",
            "propagating_vgws": [],
            "route": [],
            "tags": {
              "Name": "Route table public subnet"
            },
            "tags_all": {
              "Name": "Route table public subnet"
            },
            "timeouts": null,
            "vpc_id": "vpc-0d9c08c17b1ed5397"
          },
          "sensitive_attributes": [],
          "private": "eyJlMmJmYjczMC1lY2FhLTExZTYtOGY4OC0zNDM2M2JjN2M0YzAiOnsiY3JlYXRlIjozMDAwMDAwMDAwMDAsImRlbGV0ZSI6MzAwMDAwMDAwMDAwLCJ1cGRhdGUiOjEyMDAwMDAwMDAwMH19",
          "dependencies": [
            "module.vpc.aws_vpc.eks_vpc"
          ]
        }
      ]
    },
    {
      "module": "module.vpc",
      "mode": "managed",
      "type": "aws_route_table_association",
      "name": "route_table_public_subnet_association",
      "provider": "module.vpc.provider[\"registry.terraform.io/hashicorp/aws\"]",
      "instances": [
        {
          "index_key": "10.0.1.0/24",
          "schema_version": 0,
          "attributes": {
            "gateway_id": "",
            "id": "rtbassoc-0510a1d61bfc4dbf4",
            "route_table_id": "rtb-0ce19334dd526bc59",
            "subnet_id": "subnet-01ad2262c8354909e"
          },
          "sensitive_attributes": [],
          "private": "bnVsbA==",
          "dependencies": [
            "module.vpc.aws_route_table.route_table_public_subnet",
            "module.vpc.aws_subnet.public_subnet",
            "module.vpc.aws_vpc.eks_vpc",
            "module.vpc.data.aws_availability_zones.az"
          ]
        },
        {
          "index_key": "10.0.2.0/24",
          "schema_version": 0,
          "attributes": {
            "gateway_id": "",
            "id": "rtbassoc-0322296a9085fbb0f",
            "route_table_id": "rtb-0ce19334dd526bc59",
            "subnet_id": "subnet-05adc236a7c829743"
          },
          "sensitive_attributes": [],
          "private": "bnVsbA==",
          "dependencies": [
            "module.vpc.aws_route_table.route_table_public_subnet",
            "module.vpc.aws_subnet.public_subnet",
            "module.vpc.aws_vpc.eks_vpc",
            "module.vpc.data.aws_availability_zones.az"
          ]
        },
        {
          "index_key": "10.0.3.0/24",
          "schema_version": 0,
          "attributes": {
            "gateway_id": "",
            "id": "rtbassoc-01982b123cb44ea13",
            "route_table_id": "rtb-0ce19334dd526bc59",
            "subnet_id": "subnet-08948a824338f5008"
          },
          "sensitive_attributes": [],
          "private": "bnVsbA==",
          "dependencies": [
            "module.vpc.aws_route_table.route_table_public_subnet",
            "module.vpc.aws_subnet.public_subnet",
            "module.vpc.aws_vpc.eks_vpc",
            "module.vpc.data.aws_availability_zones.az"
          ]
        }
      ]
    },
    {
      "module": "module.vpc",
      "mode": "managed",
      "type": "aws_subnet",
      "name": "public_subnet",
      "provider": "module.vpc.provider[\"registry.terraform.io/hashicorp/aws\"]",
      "instances": [
        {
          "index_key": "10.0.1.0/24",
          "schema_version": 1,
          "attributes": {
            "arn": "arn:aws:ec2:ap-southeast-1:972111001561:subnet/subnet-01ad2262c8354909e",
            "assign_ipv6_address_on_creation": false,
            "availability_zone": "ap-southeast-1a",
            "availability_zone_id": "apse1-az1",
            "cidr_block": "10.0.1.0/24",
            "customer_owned_ipv4_pool": "",
            "enable_dns64": false,
            "enable_resource_name_dns_a_record_on_launch": false,
            "enable_resource_name_dns_aaaa_record_on_launch": false,
            "id": "subnet-01ad2262c8354909e",
            "ipv6_cidr_block": "",
            "ipv6_cidr_block_association_id": "",
            "ipv6_native": false,
            "map_customer_owned_ip_on_launch": false,
            "map_public_ip_on_launch": true,
            "outpost_arn": "",
            "owner_id": "972111001561",
            "private_dns_hostname_type_on_launch": "ip-name",
            "tags": {
              "Name": "EKS public subnet 1",
              "kubernetes.io/cluster/hiitfigure": "shared"
            },
            "tags_all": {
              "Name": "EKS public subnet 1",
              "kubernetes.io/cluster/hiitfigure": "shared"
            },
            "timeouts": null,
            "vpc_id": "vpc-0d9c08c17b1ed5397"
          },
          "sensitive_attributes": [],
          "private": "eyJlMmJmYjczMC1lY2FhLTExZTYtOGY4OC0zNDM2M2JjN2M0YzAiOnsiY3JlYXRlIjo2MDAwMDAwMDAwMDAsImRlbGV0ZSI6MTIwMDAwMDAwMDAwMH0sInNjaGVtYV92ZXJzaW9uIjoiMSJ9",
          "dependencies": [
            "module.vpc.aws_vpc.eks_vpc",
            "module.vpc.data.aws_availability_zones.az"
          ]
        },
        {
          "index_key": "10.0.2.0/24",
          "schema_version": 1,
          "attributes": {
            "arn": "arn:aws:ec2:ap-southeast-1:972111001561:subnet/subnet-05adc236a7c829743",
            "assign_ipv6_address_on_creation": false,
            "availability_zone": "ap-southeast-1b",
            "availability_zone_id": "apse1-az2",
            "cidr_block": "10.0.2.0/24",
            "customer_owned_ipv4_pool": "",
            "enable_dns64": false,
            "enable_resource_name_dns_a_record_on_launch": false,
            "enable_resource_name_dns_aaaa_record_on_launch": false,
            "id": "subnet-05adc236a7c829743",
            "ipv6_cidr_block": "",
            "ipv6_cidr_block_association_id": "",
            "ipv6_native": false,
            "map_customer_owned_ip_on_launch": false,
            "map_public_ip_on_launch": true,
            "outpost_arn": "",
            "owner_id": "972111001561",
            "private_dns_hostname_type_on_launch": "ip-name",
            "tags": {
              "Name": "EKS public subnet 2",
              "kubernetes.io/cluster/hiitfigure": "shared"
            },
            "tags_all": {
              "Name": "EKS public subnet 2",
              "kubernetes.io/cluster/hiitfigure": "shared"
            },
            "timeouts": null,
            "vpc_id": "vpc-0d9c08c17b1ed5397"
          },
          "sensitive_attributes": [],
          "private": "eyJlMmJmYjczMC1lY2FhLTExZTYtOGY4OC0zNDM2M2JjN2M0YzAiOnsiY3JlYXRlIjo2MDAwMDAwMDAwMDAsImRlbGV0ZSI6MTIwMDAwMDAwMDAwMH0sInNjaGVtYV92ZXJzaW9uIjoiMSJ9",
          "dependencies": [
            "module.vpc.aws_vpc.eks_vpc",
            "module.vpc.data.aws_availability_zones.az"
          ]
        },
        {
          "index_key": "10.0.3.0/24",
          "schema_version": 1,
          "attributes": {
            "arn": "arn:aws:ec2:ap-southeast-1:972111001561:subnet/subnet-08948a824338f5008",
            "assign_ipv6_address_on_creation": false,
            "availability_zone": "ap-southeast-1c",
            "availability_zone_id": "apse1-az3",
            "cidr_block": "10.0.3.0/24",
            "customer_owned_ipv4_pool": "",
            "enable_dns64": false,
            "enable_resource_name_dns_a_record_on_launch": false,
            "enable_resource_name_dns_aaaa_record_on_launch": false,
            "id": "subnet-08948a824338f5008",
            "ipv6_cidr_block": "",
            "ipv6_cidr_block_association_id": "",
            "ipv6_native": false,
            "map_customer_owned_ip_on_launch": false,
            "map_public_ip_on_launch": true,
            "outpost_arn": "",
            "owner_id": "972111001561",
            "private_dns_hostname_type_on_launch": "ip-name",
            "tags": {
              "Name": "EKS public subnet 3",
              "kubernetes.io/cluster/hiitfigure": "shared"
            },
            "tags_all": {
              "Name": "EKS public subnet 3",
              "kubernetes.io/cluster/hiitfigure": "shared"
            },
            "timeouts": null,
            "vpc_id": "vpc-0d9c08c17b1ed5397"
          },
          "sensitive_attributes": [],
          "private": "eyJlMmJmYjczMC1lY2FhLTExZTYtOGY4OC0zNDM2M2JjN2M0YzAiOnsiY3JlYXRlIjo2MDAwMDAwMDAwMDAsImRlbGV0ZSI6MTIwMDAwMDAwMDAwMH0sInNjaGVtYV92ZXJzaW9uIjoiMSJ9",
          "dependencies": [
            "module.vpc.aws_vpc.eks_vpc",
            "module.vpc.data.aws_availability_zones.az"
          ]
        }
      ]
    },
    {
      "module": "module.vpc",
      "mode": "managed",
      "type": "aws_vpc",
      "name": "eks_vpc",
      "provider": "module.vpc.provider[\"registry.terraform.io/hashicorp/aws\"]",
      "instances": [
        {
          "schema_version": 1,
          "attributes": {
            "arn": "arn:aws:ec2:ap-southeast-1:972111001561:vpc/vpc-0d9c08c17b1ed5397",
            "assign_generated_ipv6_cidr_block": false,
            "cidr_block": "10.0.0.0/16",
            "default_network_acl_id": "acl-00e73201120a86f14",
            "default_route_table_id": "rtb-027b961308d1a4962",
            "default_security_group_id": "sg-0efa77291f557295c",
            "dhcp_options_id": "dopt-02ce063f3b5bf5533",
            "enable_classiclink": false,
            "enable_classiclink_dns_support": false,
            "enable_dns_hostnames": false,
            "enable_dns_support": true,
            "id": "vpc-0d9c08c17b1ed5397",
            "instance_tenancy": "default",
            "ipv4_ipam_pool_id": null,
            "ipv4_netmask_length": null,
            "ipv6_association_id": "",
            "ipv6_cidr_block": "",
            "ipv6_cidr_block_network_border_group": "",
            "ipv6_ipam_pool_id": "",
            "ipv6_netmask_length": 0,
            "main_route_table_id": "rtb-027b961308d1a4962",
            "owner_id": "972111001561",
            "tags": {
              "Name": "EKS VPC"
            },
            "tags_all": {
              "Name": "EKS VPC"
            }
          },
          "sensitive_attributes": [],
          "private": "eyJzY2hlbWFfdmVyc2lvbiI6IjEifQ=="
        }
      ]
    }
  ]
}
